
Microsoft Visual Studio Solution File, Format Version 12.00
# Visual Studio Version 17
VisualStudioVersion = 17.0.32014.148
MinimumVisualStudioVersion = 10.0.40219.1
Project("{FAE04EC0-301F-11D3-BF4B-00C04F79EFBC}") = "WpfAppLessonWPF18-Rectangle", "WpfAppLessonWPF18-Rectangle\WpfAppLessonWPF18-Rectangle.csproj", "{B1FFEA3F-E607-4E96-BBF1-3DFD28A12D8B}"
EndProject
Global
	GlobalSection(SolutionConfigurationPlatforms) = preSolution
		Debug|Any CPU = Debug|Any CPU
		Release|Any CPU = Release|Any CPU
	EndGlobalSection
	GlobalSection(ProjectConfigurationPlatforms) = postSolution
		{B1FFEA3F-E607-4E96-BBF1-3DFD28A12D8B}.Debug|Any CPU.ActiveCfg = Debug|Any CPU
		{B1FFEA3F-E607-4E96-BBF1-3DFD28A12D8B}.Debug|Any CPU.Build.0 = Debug|Any CPU
		{B1FFEA3F-E607-4E96-BBF1-3DFD28A12D8B}.Release|Any CPU.ActiveCfg = Release|Any CPU
		{B1FFEA3F-E607-4E96-BBF1-3DFD28A12D8B}.Release|Any CPU.Build.0 = Release|Any CPU
	EndGlobalSection
	GlobalSection(SolutionProperties) = preSolution
		HideSolutionNode = FALSE
	EndGlobalSection
	GlobalSection(ExtensibilityGlobals) = postSolution
		SolutionGuid = {2E996206-D0D5-4402-90E8-DCB8ED65E268}
	EndGlobalSection
EndGlobal
